
Microsoft Visual Studio Solution File, Format Version 12.00
# Visual Studio Version 16
VisualStudioVersion = 16.0.29009.5
MinimumVisualStudioVersion = 10.0.40219.1
Project("{9A19103F-16F7-4668-BE54-9A1E7A4F7556}") = "System_Ventas", "System_Ventas\System_Ventas.csproj", "{D28675E0-A5D9-43F2-9115-A3453526C181}"
EndProject
Global
	GlobalSection(SolutionConfigurationPlatforms) = preSolution
		Debug|Any CPU = Debug|Any CPU
		Release|Any CPU = Release|Any CPU
	EndGlobalSection
	GlobalSection(ProjectConfigurationPlatforms) = postSolution
		{D28675E0-A5D9-43F2-9115-A3453526C181}.Debug|Any CPU.ActiveCfg = Debug|Any CPU
		{D28675E0-A5D9-43F2-9115-A3453526C181}.Debug|Any CPU.Build.0 = Debug|Any CPU
		{D28675E0-A5D9-43F2-9115-A3453526C181}.Release|Any CPU.ActiveCfg = Release|Any CPU
		{D28675E0-A5D9-43F2-9115-A3453526C181}.Release|Any CPU.Build.0 = Release|Any CPU
	EndGlobalSection
	GlobalSection(SolutionProperties) = preSolution
		HideSolutionNode = FALSE
	EndGlobalSection
	GlobalSection(ExtensibilityGlobals) = postSolution
		SolutionGuid = {65E1D854-EFAC-4658-8C36-6BAA4BA9B078}
	EndGlobalSection
EndGlobal
